
Microsoft Visual Studio Solution File, Format Version 12.00
# Visual Studio Version 16
VisualStudioVersion = 16.0.31702.278
MinimumVisualStudioVersion = 10.0.40219.1
Project("{9A19103F-16F7-4668-BE54-9A1E7A4F7556}") = "KampIntro", "KampIntro\KampIntro.csproj", "{EE742450-A1BD-4474-A035-E7026CC87196}"
EndProject
Project("{9A19103F-16F7-4668-BE54-9A1E7A4F7556}") = "Donguler", "..\Donguler\Donguler.csproj", "{B47EF453-F11B-477B-A422-DE97532098BE}"
EndProject
Project("{9A19103F-16F7-4668-BE54-9A1E7A4F7556}") = "ClassIntro", "ClassIntro\ClassIntro.csproj", "{30FBFF49-600C-4759-BAE5-0BF666B65444}"
EndProject
Project("{FAE04EC0-301F-11D3-BF4B-00C04F79EFBC}") = "Metotlar", "Metotlar\Metotlar.csproj", "{94E25FAB-B28C-420B-8C74-888A19D6739F}"
EndProject
Project("{FAE04EC0-301F-11D3-BF4B-00C04F79EFBC}") = "Matematik", "Matematik\Matematik.csproj", "{39E01539-9B25-4270-9170-4F43D60DCEC8}"
EndProject
Project("{FAE04EC0-301F-11D3-BF4B-00C04F79EFBC}") = "DegerVeReferansTipler", "DegerVeReferansTipler\DegerVeReferansTipler.csproj", "{BA796DD2-3EA4-4BAE-B98B-FBE92F0E1084}"
EndProject
Project("{FAE04EC0-301F-11D3-BF4B-00C04F79EFBC}") = "OOP1", "OOP1\OOP1.csproj", "{8DECAB1C-A769-498E-9B40-CBE6D0F8619E}"
EndProject
Project("{FAE04EC0-301F-11D3-BF4B-00C04F79EFBC}") = "Koleksiyonlar", "Koleksiyonlar\Koleksiyonlar.csproj", "{084E05EA-8B50-4A29-AF87-3C40EF4374DD}"
EndProject
Project("{FAE04EC0-301F-11D3-BF4B-00C04F79EFBC}") = "GenericsIntro", "GenericsIntro\GenericsIntro.csproj", "{EE771DCC-8F5E-431B-A989-EB7C356CB397}"
EndProject
Global
	GlobalSection(SolutionConfigurationPlatforms) = preSolution
		Debug|Any CPU = Debug|Any CPU
		Release|Any CPU = Release|Any CPU
	EndGlobalSection
	GlobalSection(ProjectConfigurationPlatforms) = postSolution
		{EE742450-A1BD-4474-A035-E7026CC87196}.Debug|Any CPU.ActiveCfg = Debug|Any CPU
		{EE742450-A1BD-4474-A035-E7026CC87196}.Debug|Any CPU.Build.0 = Debug|Any CPU
		{EE742450-A1BD-4474-A035-E7026CC87196}.Release|Any CPU.ActiveCfg = Release|Any CPU
		{EE742450-A1BD-4474-A035-E7026CC87196}.Release|Any CPU.Build.0 = Release|Any CPU
		{B47EF453-F11B-477B-A422-DE97532098BE}.Debug|Any CPU.ActiveCfg = Debug|Any CPU
		{B47EF453-F11B-477B-A422-DE97532098BE}.Debug|Any CPU.Build.0 = Debug|Any CPU
		{B47EF453-F11B-477B-A422-DE97532098BE}.Release|Any CPU.ActiveCfg = Release|Any CPU
		{B47EF453-F11B-477B-A422-DE97532098BE}.Release|Any CPU.Build.0 = Release|Any CPU
		{30FBFF49-600C-4759-BAE5-0BF666B65444}.Debug|Any CPU.ActiveCfg = Debug|Any CPU
		{30FBFF49-600C-4759-BAE5-0BF666B65444}.Debug|Any CPU.Build.0 = Debug|Any CPU
		{30FBFF49-600C-4759-BAE5-0BF666B65444}.Release|Any CPU.ActiveCfg = Release|Any CPU
		{30FBFF49-600C-4759-BAE5-0BF666B65444}.Release|Any CPU.Build.0 = Release|Any CPU
		{94E25FAB-B28C-420B-8C74-888A19D6739F}.Debug|Any CPU.ActiveCfg = Debug|Any CPU
		{94E25FAB-B28C-420B-8C74-888A19D6739F}.Debug|Any CPU.Build.0 = Debug|Any CPU
		{94E25FAB-B28C-420B-8C74-888A19D6739F}.Release|Any CPU.ActiveCfg = Release|Any CPU
		{94E25FAB-B28C-420B-8C74-888A19D6739F}.Release|Any CPU.Build.0 = Release|Any CPU
		{39E01539-9B25-4270-9170-4F43D60DCEC8}.Debug|Any CPU.ActiveCfg = Debug|Any CPU
		{39E01539-9B25-4270-9170-4F43D60DCEC8}.Debug|Any CPU.Build.0 = Debug|Any CPU
		{39E01539-9B25-4270-9170-4F43D60DCEC8}.Release|Any CPU.ActiveCfg = Release|Any CPU
		{39E01539-9B25-4270-9170-4F43D60DCEC8}.Release|Any CPU.Build.0 = Release|Any CPU
		{BA796DD2-3EA4-4BAE-B98B-FBE92F0E1084}.Debug|Any CPU.ActiveCfg = Debug|Any CPU
		{BA796DD2-3EA4-4BAE-B98B-FBE92F0E1084}.Debug|Any CPU.Build.0 = Debug|Any CPU
		{BA796DD2-3EA4-4BAE-B98B-FBE92F0E1084}.Release|Any CPU.ActiveCfg = Release|Any CPU
		{BA796DD2-3EA4-4BAE-B98B-FBE92F0E1084}.Release|Any CPU.Build.0 = Release|Any CPU
		{8DECAB1C-A769-498E-9B40-CBE6D0F8619E}.Debug|Any CPU.ActiveCfg = Debug|Any CPU
		{8DECAB1C-A769-498E-9B40-CBE6D0F8619E}.Debug|Any CPU.Build.0 = Debug|Any CPU
		{8DECAB1C-A769-498E-9B40-CBE6D0F8619E}.Release|Any CPU.ActiveCfg = Release|Any CPU
		{8DECAB1C-A769-498E-9B40-CBE6D0F8619E}.Release|Any CPU.Build.0 = Release|Any CPU
		{084E05EA-8B50-4A29-AF87-3C40EF4374DD}.Debug|Any CPU.ActiveCfg = Debug|Any CPU
		{084E05EA-8B50-4A29-AF87-3C40EF4374DD}.Debug|Any CPU.Build.0 = Debug|Any CPU
		{084E05EA-8B50-4A29-AF87-3C40EF4374DD}.Release|Any CPU.ActiveCfg = Release|Any CPU
		{084E05EA-8B50-4A29-AF87-3C40EF4374DD}.Release|Any CPU.Build.0 = Release|Any CPU
		{EE771DCC-8F5E-431B-A989-EB7C356CB397}.Debug|Any CPU.ActiveCfg = Debug|Any CPU
		{EE771DCC-8F5E-431B-A989-EB7C356CB397}.Debug|Any CPU.Build.0 = Debug|Any CPU
		{EE771DCC-8F5E-431B-A989-EB7C356CB397}.Release|Any CPU.ActiveCfg = Release|Any CPU
		{EE771DCC-8F5E-431B-A989-EB7C356CB397}.Release|Any CPU.Build.0 = Release|Any CPU
	EndGlobalSection
	GlobalSection(SolutionProperties) = preSolution
		HideSolutionNode = FALSE
	EndGlobalSection
	GlobalSection(ExtensibilityGlobals) = postSolution
		SolutionGuid = {3C538D6C-A1E0-44AC-B645-18A36685E609}
	EndGlobalSection
EndGlobal
